// !$*UTF8*$!
{
	archiveVersion = 1;
	classes = {
	};
	objectVersion = 55;
	objects = {

/* Begin PBXBuildFile section */
		04E1951327FE91B500F9598C /* AppDelegate.m in Sources */ = {isa = PBXBuildFile; fileRef = 04E1951227FE91B500F9598C /* AppDelegate.m */; };
		04E1951627FE91B500F9598C /* SceneDelegate.m in Sources */ = {isa = PBXBuildFile; fileRef = 04E1951527FE91B500F9598C /* SceneDelegate.m */; };
		04E1951927FE91B500F9598C /* ViewController.m in Sources */ = {isa = PBXBuildFile; fileRef = 04E1951827FE91B500F9598C /* ViewController.m */; };
		04E1951C27FE91B500F9598C /* Main.storyboard in Resources */ = {isa = PBXBuildFile; fileRef = 04E1951A27FE91B500F9598C /* Main.storyboard */; };
		04E1951E27FE91B700F9598C /* Assets.xcassets in Resources */ = {isa = PBXBuildFile; fileRef = 04E1951D27FE91B700F9598C /* Assets.xcassets */; };
		04E1952127FE91B700F9598C /* LaunchScreen.storyboard in Resources */ = {isa = PBXBuildFile; fileRef = 04E1951F27FE91B700F9598C /* LaunchScreen.storyboard */; };
		04E1952427FE91B700F9598C /* main.m in Sources */ = {isa = PBXBuildFile; fileRef = 04E1952327FE91B700F9598C /* main.m */; };
		04E1952E27FE91B700F9598C /* jsc_jsi_iOSTests.m in Sources */ = {isa = PBXBuildFile; fileRef = 04E1952D27FE91B700F9598C /* jsc_jsi_iOSTests.m */; };
		04E1953827FE91B700F9598C /* jsc_jsi_iOSUITests.m in Sources */ = {isa = PBXBuildFile; fileRef = 04E1953727FE91B700F9598C /* jsc_jsi_iOSUITests.m */; };
		04E1953A27FE91B700F9598C /* jsc_jsi_iOSUITestsLaunchTests.m in Sources */ = {isa = PBXBuildFile; fileRef = 04E1953927FE91B700F9598C /* jsc_jsi_iOSUITestsLaunchTests.m */; };
/* End PBXBuildFile section */

/* Begin PBXContainerItemProxy section */
		04E1952A27FE91B700F9598C /* PBXContainerItemProxy */ = {
			isa = PBXContainerItemProxy;
			containerPortal = 04E1950627FE91B500F9598C /* Project object */;
			proxyType = 1;
			remoteGlobalIDString = 04E1950D27FE91B500F9598C;
			remoteInfo = "jsc-jsi-iOS";
		};
		04E1953427FE91B700F9598C /* PBXContainerItemProxy */ = {
			isa = PBXContainerItemProxy;
			containerPortal = 04E1950627FE91B500F9598C /* Project object */;
			proxyType = 1;
			remoteGlobalIDString = 04E1950D27FE91B500F9598C;
			remoteInfo = "jsc-jsi-iOS";
		};
/* End PBXContainerItemProxy section */

/* Begin PBXFileReference section */
		04E1950E27FE91B500F9598C /* jsc-jsi-iOS.app */ = {isa = PBXFileReference; explicitFileType = wrapper.application; includeInIndex = 0; path = "jsc-jsi-iOS.app"; sourceTree = BUILT_PRODUCTS_DIR; };
		04E1951127FE91B500F9598C /* AppDelegate.h */ = {isa = PBXFileReference; lastKnownFileType = sourcecode.c.h; path = AppDelegate.h; sourceTree = "<group>"; };
		04E1951227FE91B500F9598C /* AppDelegate.m */ = {isa = PBXFileReference; lastKnownFileType = sourcecode.c.objc; path = AppDelegate.m; sourceTree = "<group>"; };
		04E1951427FE91B500F9598C /* SceneDelegate.h */ = {isa = PBXFileReference; lastKnownFileType = sourcecode.c.h; path = SceneDelegate.h; sourceTree = "<group>"; };
		04E1951527FE91B500F9598C /* SceneDelegate.m */ = {isa = PBXFileReference; lastKnownFileType = sourcecode.c.objc; path = SceneDelegate.m; sourceTree = "<group>"; };
		04E1951727FE91B500F9598C /* ViewController.h */ = {isa = PBXFileReference; lastKnownFileType = sourcecode.c.h; path = ViewController.h; sourceTree = "<group>"; };
		04E1951827FE91B500F9598C /* ViewController.m */ = {isa = PBXFileReference; lastKnownFileType = sourcecode.c.objc; path = ViewController.m; sourceTree = "<group>"; };
		04E1951B27FE91B500F9598C /* Base */ = {isa = PBXFileReference; lastKnownFileType = file.storyboard; name = Base; path = Base.lproj/Main.storyboard; sourceTree = "<group>"; };
		04E1951D27FE91B700F9598C /* Assets.xcassets */ = {isa = PBXFileReference; lastKnownFileType = folder.assetcatalog; path = Assets.xcassets; sourceTree = "<group>"; };
		04E1952027FE91B700F9598C /* Base */ = {isa = PBXFileReference; lastKnownFileType = file.storyboard; name = Base; path = Base.lproj/LaunchScreen.storyboard; sourceTree = "<group>"; };
		04E1952227FE91B700F9598C /* Info.plist */ = {isa = PBXFileReference; lastKnownFileType = text.plist.xml; path = Info.plist; sourceTree = "<group>"; };
		04E1952327FE91B700F9598C /* main.m */ = {isa = PBXFileReference; lastKnownFileType = sourcecode.c.objc; path = main.m; sourceTree = "<group>"; };
		04E1952927FE91B700F9598C /* jsc-jsi-iOSTests.xctest */ = {isa = PBXFileReference; explicitFileType = wrapper.cfbundle; includeInIndex = 0; path = "jsc-jsi-iOSTests.xctest"; sourceTree = BUILT_PRODUCTS_DIR; };
		04E1952D27FE91B700F9598C /* jsc_jsi_iOSTests.m */ = {isa = PBXFileReference; lastKnownFileType = sourcecode.c.objc; path = jsc_jsi_iOSTests.m; sourceTree = "<group>"; };
		04E1953327FE91B700F9598C /* jsc-jsi-iOSUITests.xctest */ = {isa = PBXFileReference; explicitFileType = wrapper.cfbundle; includeInIndex = 0; path = "jsc-jsi-iOSUITests.xctest"; sourceTree = BUILT_PRODUCTS_DIR; };
		04E1953727FE91B700F9598C /* jsc_jsi_iOSUITests.m */ = {isa = PBXFileReference; lastKnownFileType = sourcecode.c.objc; path = jsc_jsi_iOSUITests.m; sourceTree = "<group>"; };
		04E1953927FE91B700F9598C /* jsc_jsi_iOSUITestsLaunchTests.m */ = {isa = PBXFileReference; lastKnownFileType = sourcecode.c.objc; path = jsc_jsi_iOSUITestsLaunchTests.m; sourceTree = "<group>"; };
/* End PBXFileReference section */

/* Begin PBXFrameworksBuildPhase section */
		04E1950B27FE91B500F9598C /* Frameworks */ = {
			isa = PBXFrameworksBuildPhase;
			buildActionMask = 2147483647;
			files = (
			);
			runOnlyForDeploymentPostprocessing = 0;
		};
		04E1952627FE91B700F9598C /* Frameworks */ = {
			isa = PBXFrameworksBuildPhase;
			buildActionMask = 2147483647;
			files = (
			);
			runOnlyForDeploymentPostprocessing = 0;
		};
		04E1953027FE91B700F9598C /* Frameworks */ = {
			isa = PBXFrameworksBuildPhase;
			buildActionMask = 2147483647;
			files = (
			);
			runOnlyForDeploymentPostprocessing = 0;
		};
/* End PBXFrameworksBuildPhase section */

/* Begin PBXGroup section */
		04E1950527FE91B500F9598C = {
			isa = PBXGroup;
			children = (
				04E1951027FE91B500F9598C /* jsc-jsi-iOS */,
				04E1952C27FE91B700F9598C /* jsc-jsi-iOSTests */,
				04E1953627FE91B700F9598C /* jsc-jsi-iOSUITests */,
				04E1950F27FE91B500F9598C /* Products */,
			);
			sourceTree = "<group>";
		};
		04E1950F27FE91B500F9598C /* Products */ = {
			isa = PBXGroup;
			children = (
				04E1950E27FE91B500F9598C /* jsc-jsi-iOS.app */,
				04E1952927FE91B700F9598C /* jsc-jsi-iOSTests.xctest */,
				04E1953327FE91B700F9598C /* jsc-jsi-iOSUITests.xctest */,
			);
			name = Products;
			sourceTree = "<group>";
		};
		04E1951027FE91B500F9598C /* jsc-jsi-iOS */ = {
			isa = PBXGroup;
			children = (
				04E1951127FE91B500F9598C /* AppDelegate.h */,
				04E1951227FE91B500F9598C /* AppDelegate.m */,
				04E1951427FE91B500F9598C /* SceneDelegate.h */,
				04E1951527FE91B500F9598C /* SceneDelegate.m */,
				04E1951727FE91B500F9598C /* ViewController.h */,
				04E1951827FE91B500F9598C /* ViewController.m */,
				04E1951A27FE91B500F9598C /* Main.storyboard */,
				04E1951D27FE91B700F9598C /* Assets.xcassets */,
				04E1951F27FE91B700F9598C /* LaunchScreen.storyboard */,
				04E1952227FE91B700F9598C /* Info.plist */,
				04E1952327FE91B700F9598C /* main.m */,
			);
			path = "jsc-jsi-iOS";
			sourceTree = "<group>";
		};
		04E1952C27FE91B700F9598C /* jsc-jsi-iOSTests */ = {
			isa = PBXGroup;
			children = (
				04E1952D27FE91B700F9598C /* jsc_jsi_iOSTests.m */,
			);
			path = "jsc-jsi-iOSTests";
			sourceTree = "<group>";
		};
		04E1953627FE91B700F9598C /* jsc-jsi-iOSUITests */ = {
			isa = PBXGroup;
			children = (
				04E1953727FE91B700F9598C /* jsc_jsi_iOSUITests.m */,
				04E1953927FE91B700F9598C /* jsc_jsi_iOSUITestsLaunchTests.m */,
			);
			path = "jsc-jsi-iOSUITests";
			sourceTree = "<group>";
		};
/* End PBXGroup section */

/* Begin PBXNativeTarget section */
		04E1950D27FE91B500F9598C /* jsc-jsi-iOS */ = {
			isa = PBXNativeTarget;
			buildConfigurationList = 04E1953D27FE91B700F9598C /* Build configuration list for PBXNativeTarget "jsc-jsi-iOS" */;
			buildPhases = (
				04E1950A27FE91B500F9598C /* Sources */,
				04E1950B27FE91B500F9598C /* Frameworks */,
				04E1950C27FE91B500F9598C /* Resources */,
			);
			buildRules = (
			);
			dependencies = (
			);
			name = "jsc-jsi-iOS";
			productName = "jsc-jsi-iOS";
			productReference = 04E1950E27FE91B500F9598C /* jsc-jsi-iOS.app */;
			productType = "com.apple.product-type.application";
		};
		04E1952827FE91B700F9598C /* jsc-jsi-iOSTests */ = {
			isa = PBXNativeTarget;
			buildConfigurationList = 04E1954027FE91B700F9598C /* Build configuration list for PBXNativeTarget "jsc-jsi-iOSTests" */;
			buildPhases = (
				04E1952527FE91B700F9598C /* Sources */,
				04E1952627FE91B700F9598C /* Frameworks */,
				04E1952727FE91B700F9598C /* Resources */,
			);
			buildRules = (
			);
			dependencies = (
				04E1952B27FE91B700F9598C /* PBXTargetDependency */,
			);
			name = "jsc-jsi-iOSTests";
			productName = "jsc-jsi-iOSTests";
			productReference = 04E1952927FE91B700F9598C /* jsc-jsi-iOSTests.xctest */;
			productType = "com.apple.product-type.bundle.unit-test";
		};
		04E1953227FE91B700F9598C /* jsc-jsi-iOSUITests */ = {
			isa = PBXNativeTarget;
			buildConfigurationList = 04E1954327FE91B700F9598C /* Build configuration list for PBXNativeTarget "jsc-jsi-iOSUITests" */;
			buildPhases = (
				04E1952F27FE91B700F9598C /* Sources */,
				04E1953027FE91B700F9598C /* Frameworks */,
				04E1953127FE91B700F9598C /* Resources */,
			);
			buildRules = (
			);
			dependencies = (
				04E1953527FE91B700F9598C /* PBXTargetDependency */,
			);
			name = "jsc-jsi-iOSUITests";
			productName = "jsc-jsi-iOSUITests";
			productReference = 04E1953327FE91B700F9598C /* jsc-jsi-iOSUITests.xctest */;
			productType = "com.apple.product-type.bundle.ui-testing";
		};
/* End PBXNativeTarget section */

/* Begin PBXProject section */
		04E1950627FE91B500F9598C /* Project object */ = {
			isa = PBXProject;
			attributes = {
				BuildIndependentTargetsInParallel = 1;
				LastUpgradeCheck = 1330;
				TargetAttributes = {
					04E1950D27FE91B500F9598C = {
						CreatedOnToolsVersion = 13.3;
					};
					04E1952827FE91B700F9598C = {
						CreatedOnToolsVersion = 13.3;
						TestTargetID = 04E1950D27FE91B500F9598C;
					};
					04E1953227FE91B700F9598C = {
						CreatedOnToolsVersion = 13.3;
						TestTargetID = 04E1950D27FE91B500F9598C;
					};
				};
			};
			buildConfigurationList = 04E1950927FE91B500F9598C /* Build configuration list for PBXProject "jsc-jsi-iOS" */;
			compatibilityVersion = "Xcode 13.0";
			developmentRegion = en;
			hasScannedForEncodings = 0;
			knownRegions = (
				en,
				Base,
			);
			mainGroup = 04E1950527FE91B500F9598C;
			productRefGroup = 04E1950F27FE91B500F9598C /* Products */;
			projectDirPath = "";
			projectRoot = "";
			targets = (
				04E1950D27FE91B500F9598C /* jsc-jsi-iOS */,
				04E1952827FE91B700F9598C /* jsc-jsi-iOSTests */,
				04E1953227FE91B700F9598C /* jsc-jsi-iOSUITests */,
			);
		};
/* End PBXProject section */

/* Begin PBXResourcesBuildPhase section */
		04E1950C27FE91B500F9598C /* Resources */ = {
			isa = PBXResourcesBuildPhase;
			buildActionMask = 2147483647;
			files = (
				04E1952127FE91B700F9598C /* LaunchScreen.storyboard in Resources */,
				04E1951E27FE91B700F9598C /* Assets.xcassets in Resources */,
				04E1951C27FE91B500F9598C /* Main.storyboard in Resources */,
			);
			runOnlyForDeploymentPostprocessing = 0;
		};
		04E1952727FE91B700F9598C /* Resources */ = {
			isa = PBXResourcesBuildPhase;
			buildActionMask = 2147483647;
			files = (
			);
			runOnlyForDeploymentPostprocessing = 0;
		};
		04E1953127FE91B700F9598C /* Resources */ = {
			isa = PBXResourcesBuildPhase;
			buildActionMask = 2147483647;
			files = (
			);
			runOnlyForDeploymentPostprocessing = 0;
		};
/* End PBXResourcesBuildPhase section */

/* Begin PBXSourcesBuildPhase section */
		04E1950A27FE91B500F9598C /* Sources */ = {
			isa = PBXSourcesBuildPhase;
			buildActionMask = 2147483647;
			files = (
				04E1951927FE91B500F9598C /* ViewController.m in Sources */,
				04E1951327FE91B500F9598C /* AppDelegate.m in Sources */,
				04E1952427FE91B700F9598C /* main.m in Sources */,
				04E1951627FE91B500F9598C /* SceneDelegate.m in Sources */,
			);
			runOnlyForDeploymentPostprocessing = 0;
		};
		04E1952527FE91B700F9598C /* Sources */ = {
			isa = PBXSourcesBuildPhase;
			buildActionMask = 2147483647;
			files = (
				04E1952E27FE91B700F9598C /* jsc_jsi_iOSTests.m in Sources */,
			);
			runOnlyForDeploymentPostprocessing = 0;
		};
		04E1952F27FE91B700F9598C /* Sources */ = {
			isa = PBXSourcesBuildPhase;
			buildActionMask = 2147483647;
			files = (
				04E1953A27FE91B700F9598C /* jsc_jsi_iOSUITestsLaunchTests.m in Sources */,
				04E1953827FE91B700F9598C /* jsc_jsi_iOSUITests.m in Sources */,
			);
			runOnlyForDeploymentPostprocessing = 0;
		};
/* End PBXSourcesBuildPhase section */

/* Begin PBXTargetDependency section */
		04E1952B27FE91B700F9598C /* PBXTargetDependency */ = {
			isa = PBXTargetDependency;
			target = 04E1950D27FE91B500F9598C /* jsc-jsi-iOS */;
			targetProxy = 04E1952A27FE91B700F9598C /* PBXContainerItemProxy */;
		};
		04E1953527FE91B700F9598C /* PBXTargetDependency */ = {
			isa = PBXTargetDependency;
			target = 04E1950D27FE91B500F9598C /* jsc-jsi-iOS */;
			targetProxy = 04E1953427FE91B700F9598C /* PBXContainerItemProxy */;
		};
/* End PBXTargetDependency section */

/* Begin PBXVariantGroup section */
		04E1951A27FE91B500F9598C /* Main.storyboard */ = {
			isa = PBXVariantGroup;
			children = (
				04E1951B27FE91B500F9598C /* Base */,
			);
			name = Main.storyboard;
			sourceTree = "<group>";
		};
		04E1951F27FE91B700F9598C /* LaunchScreen.storyboard */ = {
			isa = PBXVariantGroup;
			children = (
				04E1952027FE91B700F9598C /* Base */,
			);
			name = LaunchScreen.storyboard;
			sourceTree = "<group>";
		};
/* End PBXVariantGroup section */

/* Begin XCBuildConfiguration section */
		04E1953B27FE91B700F9598C /* Debug */ = {
			isa = XCBuildConfiguration;
			buildSettings = {
				ALWAYS_SEARCH_USER_PATHS = NO;
				CLANG_ANALYZER_NONNULL = YES;
				CLANG_ANALYZER_NUMBER_OBJECT_CONVERSION = YES_AGGRESSIVE;
				CLANG_CXX_LANGUAGE_STANDARD = "gnu++17";
				CLANG_ENABLE_MODULES = YES;
				CLANG_ENABLE_OBJC_ARC = YES;
				CLANG_ENABLE_OBJC_WEAK = YES;
				CLANG_WARN_BLOCK_CAPTURE_AUTORELEASING = YES;
				CLANG_WARN_BOOL_CONVERSION = YES;
				CLANG_WARN_COMMA = YES;
				CLANG_WARN_CONSTANT_CONVERSION = YES;
				CLANG_WARN_DEPRECATED_OBJC_IMPLEMENTATIONS = YES;
				CLANG_WARN_DIRECT_OBJC_ISA_USAGE = YES_ERROR;
				CLANG_WARN_DOCUMENTATION_COMMENTS = YES;
				CLANG_WARN_EMPTY_BODY = YES;
				CLANG_WARN_ENUM_CONVERSION = YES;
				CLANG_WARN_INFINITE_RECURSION = YES;
				CLANG_WARN_INT_CONVERSION = YES;
				CLANG_WARN_NON_LITERAL_NULL_CONVERSION = YES;
				CLANG_WARN_OBJC_IMPLICIT_RETAIN_SELF = YES;
				CLANG_WARN_OBJC_LITERAL_CONVERSION = YES;
				CLANG_WARN_OBJC_ROOT_CLASS = YES_ERROR;
				CLANG_WARN_QUOTED_INCLUDE_IN_FRAMEWORK_HEADER = YES;
				CLANG_WARN_RANGE_LOOP_ANALYSIS = YES;
				CLANG_WARN_STRICT_PROTOTYPES = YES;
				CLANG_WARN_SUSPICIOUS_MOVE = YES;
				CLANG_WARN_UNGUARDED_AVAILABILITY = YES_AGGRESSIVE;
				CLANG_WARN_UNREACHABLE_CODE = YES;
				CLANG_WARN__DUPLICATE_METHOD_MATCH = YES;
				COPY_PHASE_STRIP = NO;
				DEBUG_INFORMATION_FORMAT = dwarf;
				ENABLE_STRICT_OBJC_MSGSEND = YES;
				ENABLE_TESTABILITY = YES;
				GCC_C_LANGUAGE_STANDARD = gnu11;
				GCC_DYNAMIC_NO_PIC = NO;
				GCC_NO_COMMON_BLOCKS = YES;
				GCC_OPTIMIZATION_LEVEL = 0;
				GCC_PREPROCESSOR_DEFINITIONS = (
					"DEBUG=1",
					"$(inherited)",
				);
				GCC_WARN_64_TO_32_BIT_CONVERSION = YES;
				GCC_WARN_ABOUT_RETURN_TYPE = YES_ERROR;
				GCC_WARN_UNDECLARED_SELECTOR = YES;
				GCC_WARN_UNINITIALIZED_AUTOS = YES_AGGRESSIVE;
				GCC_WARN_UNUSED_FUNCTION = YES;
				GCC_WARN_UNUSED_VARIABLE = YES;
				IPHONEOS_DEPLOYMENT_TARGET = 15.4;
				MTL_ENABLE_DEBUG_INFO = INCLUDE_SOURCE;
				MTL_FAST_MATH = YES;
				ONLY_ACTIVE_ARCH = YES;
				SDKROOT = iphoneos;
			};
			name = Debug;
		};
		04E1953C27FE91B700F9598C /* Release */ = {
			isa = XCBuildConfiguration;
			buildSettings = {
				ALWAYS_SEARCH_USER_PATHS = NO;
				CLANG_ANALYZER_NONNULL = YES;
				CLANG_ANALYZER_NUMBER_OBJECT_CONVERSION = YES_AGGRESSIVE;
				CLANG_CXX_LANGUAGE_STANDARD = "gnu++17";
				CLANG_ENABLE_MODULES = YES;
				CLANG_ENABLE_OBJC_ARC = YES;
				CLANG_ENABLE_OBJC_WEAK = YES;
				CLANG_WARN_BLOCK_CAPTURE_AUTORELEASING = YES;
				CLANG_WARN_BOOL_CONVERSION = YES;
				CLANG_WARN_COMMA = YES;
				CLANG_WARN_CONSTANT_CONVERSION = YES;
				CLANG_WARN_DEPRECATED_OBJC_IMPLEMENTATIONS = YES;
				CLANG_WARN_DIRECT_OBJC_ISA_USAGE = YES_ERROR;
				CLANG_WARN_DOCUMENTATION_COMMENTS = YES;
				CLANG_WARN_EMPTY_BODY = YES;
				CLANG_WARN_ENUM_CONVERSION = YES;
				CLANG_WARN_INFINITE_RECURSION = YES;
				CLANG_WARN_INT_CONVERSION = YES;
				CLANG_WARN_NON_LITERAL_NULL_CONVERSION = YES;
				CLANG_WARN_OBJC_IMPLICIT_RETAIN_SELF = YES;
				CLANG_WARN_OBJC_LITERAL_CONVERSION = YES;
				CLANG_WARN_OBJC_ROOT_CLASS = YES_ERROR;
				CLANG_WARN_QUOTED_INCLUDE_IN_FRAMEWORK_HEADER = YES;
				CLANG_WARN_RANGE_LOOP_ANALYSIS = YES;
				CLANG_WARN_STRICT_PROTOTYPES = YES;
				CLANG_WARN_SUSPICIOUS_MOVE = YES;
				CLANG_WARN_UNGUARDED_AVAILABILITY = YES_AGGRESSIVE;
				CLANG_WARN_UNREACHABLE_CODE = YES;
				CLANG_WARN__DUPLICATE_METHOD_MATCH = YES;
				COPY_PHASE_STRIP = NO;
				DEBUG_INFORMATION_FORMAT = "dwarf-with-dsym";
				ENABLE_NS_ASSERTIONS = NO;
				ENABLE_STRICT_OBJC_MSGSEND = YES;
				GCC_C_LANGUAGE_STANDARD = gnu11;
				GCC_NO_COMMON_BLOCKS = YES;
				GCC_WARN_64_TO_32_BIT_CONVERSION = YES;
				GCC_WARN_ABOUT_RETURN_TYPE = YES_ERROR;
				GCC_WARN_UNDECLARED_SELECTOR = YES;
				GCC_WARN_UNINITIALIZED_AUTOS = YES_AGGRESSIVE;
				GCC_WARN_UNUSED_FUNCTION = YES;
				GCC_WARN_UNUSED_VARIABLE = YES;
				IPHONEOS_DEPLOYMENT_TARGET = 15.4;
				MTL_ENABLE_DEBUG_INFO = NO;
				MTL_FAST_MATH = YES;
				SDKROOT = iphoneos;
				VALIDATE_PRODUCT = YES;
			};
			name = Release;
		};
		04E1953E27FE91B700F9598C /* Debug */ = {
			isa = XCBuildConfiguration;
			buildSettings = {
				ASSETCATALOG_COMPILER_APPICON_NAME = AppIcon;
				ASSETCATALOG_COMPILER_GLOBAL_ACCENT_COLOR_NAME = AccentColor;
				CODE_SIGN_STYLE = Automatic;
				CURRENT_PROJECT_VERSION = 1;
				GENERATE_INFOPLIST_FILE = YES;
				INFOPLIST_FILE = "jsc-jsi-iOS/Info.plist";
				INFOPLIST_KEY_UIApplicationSupportsIndirectInputEvents = YES;
				INFOPLIST_KEY_UILaunchStoryboardName = LaunchScreen;
				INFOPLIST_KEY_UIMainStoryboardFile = Main;
				INFOPLIST_KEY_UISupportedInterfaceOrientations_iPad = "UIInterfaceOrientationPortrait UIInterfaceOrientationPortraitUpsideDown UIInterfaceOrientationLandscapeLeft UIInterfaceOrientationLandscapeRight";
				INFOPLIST_KEY_UISupportedInterfaceOrientations_iPhone = "UIInterfaceOrientationPortrait UIInterfaceOrientationLandscapeLeft UIInterfaceOrientationLandscapeRight";
				LD_RUNPATH_SEARCH_PATHS = (
					"$(inherited)",
					"@executable_path/Frameworks",
				);
				MARKETING_VERSION = 1.0;
				PRODUCT_BUNDLE_IDENTIFIER = "com.qc.test.jsc-jsi-iOS";
				PRODUCT_NAME = "$(TARGET_NAME)";
				SWIFT_EMIT_LOC_STRINGS = YES;
				TARGETED_DEVICE_FAMILY = "1,2";
			};
			name = Debug;
		};
		04E1953F27FE91B700F9598C /* Release */ = {
			isa = XCBuildConfiguration;
			buildSettings = {
				ASSETCATALOG_COMPILER_APPICON_NAME = AppIcon;
				ASSETCATALOG_COMPILER_GLOBAL_ACCENT_COLOR_NAME = AccentColor;
				CODE_SIGN_STYLE = Automatic;
				CURRENT_PROJECT_VERSION = 1;
				GENERATE_INFOPLIST_FILE = YES;
				INFOPLIST_FILE = "jsc-jsi-iOS/Info.plist";
				INFOPLIST_KEY_UIApplicationSupportsIndirectInputEvents = YES;
				INFOPLIST_KEY_UILaunchStoryboardName = LaunchScreen;
				INFOPLIST_KEY_UIMainStoryboardFile = Main;
				INFOPLIST_KEY_UISupportedInterfaceOrientations_iPad = "UIInterfaceOrientationPortrait UIInterfaceOrientationPortraitUpsideDown UIInterfaceOrientationLandscapeLeft UIInterfaceOrientationLandscapeRight";
				INFOPLIST_KEY_UISupportedInterfaceOrientations_iPhone = "UIInterfaceOrientationPortrait UIInterfaceOrientationLandscapeLeft UIInterfaceOrientationLandscapeRight";
				LD_RUNPATH_SEARCH_PATHS = (
					"$(inherited)",
					"@executable_path/Frameworks",
				);
				MARKETING_VERSION = 1.0;
				PRODUCT_BUNDLE_IDENTIFIER = "com.qc.test.jsc-jsi-iOS";
				PRODUCT_NAME = "$(TARGET_NAME)";
				SWIFT_EMIT_LOC_STRINGS = YES;
				TARGETED_DEVICE_FAMILY = "1,2";
			};
			name = Release;
		};
		04E1954127FE91B700F9598C /* Debug */ = {
			isa = XCBuildConfiguration;
			buildSettings = {
				BUNDLE_LOADER = "$(TEST_HOST)";
				CODE_SIGN_STYLE = Automatic;
				CURRENT_PROJECT_VERSION = 1;
				GENERATE_INFOPLIST_FILE = YES;
				IPHONEOS_DEPLOYMENT_TARGET = 15.4;
				MARKETING_VERSION = 1.0;
				PRODUCT_BUNDLE_IDENTIFIER = "com.qc.test.jsc-jsi-iOSTests";
				PRODUCT_NAME = "$(TARGET_NAME)";
				SWIFT_EMIT_LOC_STRINGS = NO;
				TARGETED_DEVICE_FAMILY = "1,2";
				TEST_HOST = "$(BUILT_PRODUCTS_DIR)/jsc-jsi-iOS.app/jsc-jsi-iOS";
			};
			name = Debug;
		};
		04E1954227FE91B700F9598C /* Release */ = {
			isa = XCBuildConfiguration;
			buildSettings = {
				BUNDLE_LOADER = "$(TEST_HOST)";
				CODE_SIGN_STYLE = Automatic;
				CURRENT_PROJECT_VERSION = 1;
				GENERATE_INFOPLIST_FILE = YES;
				IPHONEOS_DEPLOYMENT_TARGET = 15.4;
				MARKETING_VERSION = 1.0;
				PRODUCT_BUNDLE_IDENTIFIER = "com.qc.test.jsc-jsi-iOSTests";
				PRODUCT_NAME = "$(TARGET_NAME)";
				SWIFT_EMIT_LOC_STRINGS = NO;
				TARGETED_DEVICE_FAMILY = "1,2";
				TEST_HOST = "$(BUILT_PRODUCTS_DIR)/jsc-jsi-iOS.app/jsc-jsi-iOS";
			};
			name = Release;
		};
		04E1954427FE91B700F9598C /* Debug */ = {
			isa = XCBuildConfiguration;
			buildSettings = {
				CODE_SIGN_STYLE = Automatic;
				CURRENT_PROJECT_VERSION = 1;
				GENERATE_INFOPLIST_FILE = YES;
				MARKETING_VERSION = 1.0;
				PRODUCT_BUNDLE_IDENTIFIER = "com.qc.test.jsc-jsi-iOSUITests";
				PRODUCT_NAME = "$(TARGET_NAME)";
				SWIFT_EMIT_LOC_STRINGS = NO;
				TARGETED_DEVICE_FAMILY = "1,2";
				TEST_TARGET_NAME = "jsc-jsi-iOS";
			};
			name = Debug;
		};
		04E1954527FE91B700F9598C /* Release */ = {
			isa = XCBuildConfiguration;
			buildSettings = {
				CODE_SIGN_STYLE = Automatic;
				CURRENT_PROJECT_VERSION = 1;
				GENERATE_INFOPLIST_FILE = YES;
				MARKETING_VERSION = 1.0;
				PRODUCT_BUNDLE_IDENTIFIER = "com.qc.test.jsc-jsi-iOSUITests";
				PRODUCT_NAME = "$(TARGET_NAME)";
				SWIFT_EMIT_LOC_STRINGS = NO;
				TARGETED_DEVICE_FAMILY = "1,2";
				TEST_TARGET_NAME = "jsc-jsi-iOS";
			};
			name = Release;
		};
/* End XCBuildConfiguration section */

/* Begin XCConfigurationList section */
		04E1950927FE91B500F9598C /* Build configuration list for PBXProject "jsc-jsi-iOS" */ = {
			isa = XCConfigurationList;
			buildConfigurations = (
				04E1953B27FE91B700F9598C /* Debug */,
				04E1953C27FE91B700F9598C /* Release */,
			);
			defaultConfigurationIsVisible = 0;
			defaultConfigurationName = Release;
		};
		04E1953D27FE91B700F9598C /* Build configuration list for PBXNativeTarget "jsc-jsi-iOS" */ = {
			isa = XCConfigurationList;
			buildConfigurations = (
				04E1953E27FE91B700F9598C /* Debug */,
				04E1953F27FE91B700F9598C /* Release */,
			);
			defaultConfigurationIsVisible = 0;
			defaultConfigurationName = Release;
		};
		04E1954027FE91B700F9598C /* Build configuration list for PBXNativeTarget "jsc-jsi-iOSTests" */ = {
			isa = XCConfigurationList;
			buildConfigurations = (
				04E1954127FE91B700F9598C /* Debug */,
				04E1954227FE91B700F9598C /* Release */,
			);
			defaultConfigurationIsVisible = 0;
			defaultConfigurationName = Release;
		};
		04E1954327FE91B700F9598C /* Build configuration list for PBXNativeTarget "jsc-jsi-iOSUITests" */ = {
			isa = XCConfigurationList;
			buildConfigurations = (
				04E1954427FE91B700F9598C /* Debug */,
				04E1954527FE91B700F9598C /* Release */,
			);
			defaultConfigurationIsVisible = 0;
			defaultConfigurationName = Release;
		};
/* End XCConfigurationList section */
	};
	rootObject = 04E1950627FE91B500F9598C /* Project object */;
}
